
Microsoft Visual Studio Solution File, Format Version 12.00
# Visual Studio 15
VisualStudioVersion = 15.0.28307.902
MinimumVisualStudioVersion = 10.0.40219.1
Project("{FAE04EC0-301F-11D3-BF4B-00C04F79EFBC}") = "WebApplication3", "WebApplication3\WebApplication3.csproj", "{450C8772-3CAD-4D3D-9D73-771D47CB32DA}"
EndProject
Global
	GlobalSection(SolutionConfigurationPlatforms) = preSolution
		Debug|Any CPU = Debug|Any CPU
		Release|Any CPU = Release|Any CPU
	EndGlobalSection
	GlobalSection(ProjectConfigurationPlatforms) = postSolution
		{450C8772-3CAD-4D3D-9D73-771D47CB32DA}.Debug|Any CPU.ActiveCfg = Debug|Any CPU
		{450C8772-3CAD-4D3D-9D73-771D47CB32DA}.Debug|Any CPU.Build.0 = Debug|Any CPU
		{450C8772-3CAD-4D3D-9D73-771D47CB32DA}.Release|Any CPU.ActiveCfg = Release|Any CPU
		{450C8772-3CAD-4D3D-9D73-771D47CB32DA}.Release|Any CPU.Build.0 = Release|Any CPU
	EndGlobalSection
	GlobalSection(SolutionProperties) = preSolution
		HideSolutionNode = FALSE
	EndGlobalSection
	GlobalSection(ExtensibilityGlobals) = postSolution
		SolutionGuid = {AEDB747C-7BD6-4585-92B3-14365C16D194}
	EndGlobalSection
EndGlobal
